
Microsoft Visual Studio Solution File, Format Version 12.00
# Visual Studio 15
VisualStudioVersion = 15.0.26730.16
MinimumVisualStudioVersion = 10.0.40219.1
Project("{9A19103F-16F7-4668-BE54-9A1E7A4F7556}") = "NeuralNetworkXORTake2", "NeuralNetworkXORTake2\NeuralNetworkXORTake2.csproj", "{F54FCB7C-032B-499E-A0C3-BD99FB9A84A3}"
EndProject
Project("{9A19103F-16F7-4668-BE54-9A1E7A4F7556}") = "MindLib", "MindLib\MindLib.csproj", "{8DFE5BB9-83C5-4E98-AFD1-AB005B8DA358}"
EndProject
Project("{9A19103F-16F7-4668-BE54-9A1E7A4F7556}") = "Take3", "Take3\Take3.csproj", "{413C68EA-3D66-4A09-9EA0-21C117105846}"
EndProject
Project("{FAE04EC0-301F-11D3-BF4B-00C04F79EFBC}") = "Тест", "Тест\Тест.csproj", "{ED5AFF08-2FFF-47B7-B57A-E9C186E7BC2C}"
EndProject
Global
	GlobalSection(SolutionConfigurationPlatforms) = preSolution
		Debug|Any CPU = Debug|Any CPU
		Release|Any CPU = Release|Any CPU
	EndGlobalSection
	GlobalSection(ProjectConfigurationPlatforms) = postSolution
		{F54FCB7C-032B-499E-A0C3-BD99FB9A84A3}.Debug|Any CPU.ActiveCfg = Debug|Any CPU
		{F54FCB7C-032B-499E-A0C3-BD99FB9A84A3}.Debug|Any CPU.Build.0 = Debug|Any CPU
		{F54FCB7C-032B-499E-A0C3-BD99FB9A84A3}.Release|Any CPU.ActiveCfg = Release|Any CPU
		{F54FCB7C-032B-499E-A0C3-BD99FB9A84A3}.Release|Any CPU.Build.0 = Release|Any CPU
		{8DFE5BB9-83C5-4E98-AFD1-AB005B8DA358}.Debug|Any CPU.ActiveCfg = Debug|Any CPU
		{8DFE5BB9-83C5-4E98-AFD1-AB005B8DA358}.Debug|Any CPU.Build.0 = Debug|Any CPU
		{8DFE5BB9-83C5-4E98-AFD1-AB005B8DA358}.Release|Any CPU.ActiveCfg = Release|Any CPU
		{8DFE5BB9-83C5-4E98-AFD1-AB005B8DA358}.Release|Any CPU.Build.0 = Release|Any CPU
		{413C68EA-3D66-4A09-9EA0-21C117105846}.Debug|Any CPU.ActiveCfg = Debug|Any CPU
		{413C68EA-3D66-4A09-9EA0-21C117105846}.Debug|Any CPU.Build.0 = Debug|Any CPU
		{413C68EA-3D66-4A09-9EA0-21C117105846}.Release|Any CPU.ActiveCfg = Release|Any CPU
		{413C68EA-3D66-4A09-9EA0-21C117105846}.Release|Any CPU.Build.0 = Release|Any CPU
		{ED5AFF08-2FFF-47B7-B57A-E9C186E7BC2C}.Debug|Any CPU.ActiveCfg = Debug|Any CPU
		{ED5AFF08-2FFF-47B7-B57A-E9C186E7BC2C}.Debug|Any CPU.Build.0 = Debug|Any CPU
		{ED5AFF08-2FFF-47B7-B57A-E9C186E7BC2C}.Release|Any CPU.ActiveCfg = Release|Any CPU
		{ED5AFF08-2FFF-47B7-B57A-E9C186E7BC2C}.Release|Any CPU.Build.0 = Release|Any CPU
	EndGlobalSection
	GlobalSection(SolutionProperties) = preSolution
		HideSolutionNode = FALSE
	EndGlobalSection
	GlobalSection(ExtensibilityGlobals) = postSolution
		SolutionGuid = {EBF64273-CC94-48E0-9ECD-AA92B2A6803F}
	EndGlobalSection
EndGlobal
