
Microsoft Visual Studio Solution File, Format Version 12.00
# Visual Studio 15
VisualStudioVersion = 15.0.26730.16
MinimumVisualStudioVersion = 10.0.40219.1
Project("{9A19103F-16F7-4668-BE54-9A1E7A4F7556}") = "MeTube.Models", "MeTube.Models\MeTube.Models.csproj", "{321A8812-487C-41CE-888D-1504D47E2EC9}"
EndProject
Project("{9A19103F-16F7-4668-BE54-9A1E7A4F7556}") = "MuTube.Data", "MuTube.Data\MuTube.Data.csproj", "{630B8C07-5D9E-427F-862F-E3511BE33189}"
EndProject
Project("{9A19103F-16F7-4668-BE54-9A1E7A4F7556}") = "MuTube.Web", "MuTube.Web\MuTube.Web.csproj", "{6035BD10-E995-471A-99F0-3802A74C3F14}"
EndProject
Project("{9A19103F-16F7-4668-BE54-9A1E7A4F7556}") = "MuTube.Services", "MuTube.Services\MuTube.Services.csproj", "{33028D25-2890-461E-AD2F-4E97A175AC57}"
EndProject
Project("{9A19103F-16F7-4668-BE54-9A1E7A4F7556}") = "SimpleMvc.Common", "SimpleMvc.Common\SimpleMvc.Common.csproj", "{18961740-5FA7-48D1-A1BD-19988FB0CB6D}"
EndProject
Project("{9A19103F-16F7-4668-BE54-9A1E7A4F7556}") = "WebServer", "WebServer\WebServer.csproj", "{7D64DE99-124C-45B1-AE7A-078394AF30AB}"
EndProject
Project("{9A19103F-16F7-4668-BE54-9A1E7A4F7556}") = "SimpleMvc.Framework", "SimpleMvc.Framework\SimpleMvc.Framework.csproj", "{5518D2CC-898E-4A55-A0D1-03E05707B3E2}"
EndProject
Global
	GlobalSection(SolutionConfigurationPlatforms) = preSolution
		Debug|Any CPU = Debug|Any CPU
		Release|Any CPU = Release|Any CPU
	EndGlobalSection
	GlobalSection(ProjectConfigurationPlatforms) = postSolution
		{321A8812-487C-41CE-888D-1504D47E2EC9}.Debug|Any CPU.ActiveCfg = Debug|Any CPU
		{321A8812-487C-41CE-888D-1504D47E2EC9}.Debug|Any CPU.Build.0 = Debug|Any CPU
		{321A8812-487C-41CE-888D-1504D47E2EC9}.Release|Any CPU.ActiveCfg = Release|Any CPU
		{321A8812-487C-41CE-888D-1504D47E2EC9}.Release|Any CPU.Build.0 = Release|Any CPU
		{630B8C07-5D9E-427F-862F-E3511BE33189}.Debug|Any CPU.ActiveCfg = Debug|Any CPU
		{630B8C07-5D9E-427F-862F-E3511BE33189}.Debug|Any CPU.Build.0 = Debug|Any CPU
		{630B8C07-5D9E-427F-862F-E3511BE33189}.Release|Any CPU.ActiveCfg = Release|Any CPU
		{630B8C07-5D9E-427F-862F-E3511BE33189}.Release|Any CPU.Build.0 = Release|Any CPU
		{6035BD10-E995-471A-99F0-3802A74C3F14}.Debug|Any CPU.ActiveCfg = Debug|Any CPU
		{6035BD10-E995-471A-99F0-3802A74C3F14}.Debug|Any CPU.Build.0 = Debug|Any CPU
		{6035BD10-E995-471A-99F0-3802A74C3F14}.Release|Any CPU.ActiveCfg = Release|Any CPU
		{6035BD10-E995-471A-99F0-3802A74C3F14}.Release|Any CPU.Build.0 = Release|Any CPU
		{33028D25-2890-461E-AD2F-4E97A175AC57}.Debug|Any CPU.ActiveCfg = Debug|Any CPU
		{33028D25-2890-461E-AD2F-4E97A175AC57}.Debug|Any CPU.Build.0 = Debug|Any CPU
		{33028D25-2890-461E-AD2F-4E97A175AC57}.Release|Any CPU.ActiveCfg = Release|Any CPU
		{33028D25-2890-461E-AD2F-4E97A175AC57}.Release|Any CPU.Build.0 = Release|Any CPU
		{18961740-5FA7-48D1-A1BD-19988FB0CB6D}.Debug|Any CPU.ActiveCfg = Debug|Any CPU
		{18961740-5FA7-48D1-A1BD-19988FB0CB6D}.Debug|Any CPU.Build.0 = Debug|Any CPU
		{18961740-5FA7-48D1-A1BD-19988FB0CB6D}.Release|Any CPU.ActiveCfg = Release|Any CPU
		{18961740-5FA7-48D1-A1BD-19988FB0CB6D}.Release|Any CPU.Build.0 = Release|Any CPU
		{7D64DE99-124C-45B1-AE7A-078394AF30AB}.Debug|Any CPU.ActiveCfg = Debug|Any CPU
		{7D64DE99-124C-45B1-AE7A-078394AF30AB}.Debug|Any CPU.Build.0 = Debug|Any CPU
		{7D64DE99-124C-45B1-AE7A-078394AF30AB}.Release|Any CPU.ActiveCfg = Release|Any CPU
		{7D64DE99-124C-45B1-AE7A-078394AF30AB}.Release|Any CPU.Build.0 = Release|Any CPU
		{5518D2CC-898E-4A55-A0D1-03E05707B3E2}.Debug|Any CPU.ActiveCfg = Debug|Any CPU
		{5518D2CC-898E-4A55-A0D1-03E05707B3E2}.Debug|Any CPU.Build.0 = Debug|Any CPU
		{5518D2CC-898E-4A55-A0D1-03E05707B3E2}.Release|Any CPU.ActiveCfg = Release|Any CPU
		{5518D2CC-898E-4A55-A0D1-03E05707B3E2}.Release|Any CPU.Build.0 = Release|Any CPU
	EndGlobalSection
	GlobalSection(SolutionProperties) = preSolution
		HideSolutionNode = FALSE
	EndGlobalSection
	GlobalSection(ExtensibilityGlobals) = postSolution
		SolutionGuid = {3ABA898C-743A-4BCB-94FE-871C34896B4B}
	EndGlobalSection
EndGlobal
