
Microsoft Visual Studio Solution File, Format Version 12.00
# Visual Studio 15
VisualStudioVersion = 15.0.27703.2026
MinimumVisualStudioVersion = 10.0.40219.1
Project("{FAE04EC0-301F-11D3-BF4B-00C04F79EFBC}") = "Network", "Network\Network.csproj", "{024CA01D-4449-4796-8111-35D5EB913ADD}"
EndProject
Project("{FAE04EC0-301F-11D3-BF4B-00C04F79EFBC}") = "CustomNetwork", "CustomNetwork\CustomNetwork.csproj", "{C21E0796-D990-4CE5-8071-3D38218C3539}"
EndProject
Global
	GlobalSection(SolutionConfigurationPlatforms) = preSolution
		Debug|Any CPU = Debug|Any CPU
		Release|Any CPU = Release|Any CPU
	EndGlobalSection
	GlobalSection(ProjectConfigurationPlatforms) = postSolution
		{024CA01D-4449-4796-8111-35D5EB913ADD}.Debug|Any CPU.ActiveCfg = Debug|Any CPU
		{024CA01D-4449-4796-8111-35D5EB913ADD}.Debug|Any CPU.Build.0 = Debug|Any CPU
		{024CA01D-4449-4796-8111-35D5EB913ADD}.Release|Any CPU.ActiveCfg = Release|Any CPU
		{024CA01D-4449-4796-8111-35D5EB913ADD}.Release|Any CPU.Build.0 = Release|Any CPU
		{C21E0796-D990-4CE5-8071-3D38218C3539}.Debug|Any CPU.ActiveCfg = Debug|Any CPU
		{C21E0796-D990-4CE5-8071-3D38218C3539}.Debug|Any CPU.Build.0 = Debug|Any CPU
		{C21E0796-D990-4CE5-8071-3D38218C3539}.Release|Any CPU.ActiveCfg = Release|Any CPU
		{C21E0796-D990-4CE5-8071-3D38218C3539}.Release|Any CPU.Build.0 = Release|Any CPU
	EndGlobalSection
	GlobalSection(SolutionProperties) = preSolution
		HideSolutionNode = FALSE
	EndGlobalSection
	GlobalSection(ExtensibilityGlobals) = postSolution
		SolutionGuid = {4E2A7EC0-33E8-47A7-B630-A5E592B712CA}
	EndGlobalSection
EndGlobal
